version = 1
revision = 3
requires-python = "==3.12.*"

[[package]]
name = "gridworld-starter"
version = "0.1.0"
source = { virtual = "." }
dependencies = [
    { name = "pygame-ce" },
]

[package.metadata]
requires-dist = [{ name = "pygame-ce", specifier = ">=2.5.8,<3" }]

[[package]]
name = "pygame-ce"
version = "2.5.8"
source = { registry = "https://pypi.org/simple" }
sdist = { url = "https://files.pythonhosted.org/packages/26/2d/0f942ec31d558a6a1f2fd0df9965ff0055f165ed5b8d36f6509b1f3768a2/pygame_ce-2.5.8.tar.gz", hash = "sha256:3c8e69088ead310037972c391306ea58e74d7296b35d1890067749235fd554ba", size = 5300831, upload-time = "2026-08-09T11:39:49.226Z" }
wheels = [
    { url = "https://files.pythonhosted.org/packages/ab/2a/9c48c56cb36baa49d8732fc41896d2d8a6027bf94155aa1a5663fd72f7ff/pygame_ce-2.5.8-cp312-cp312-macosx_10_13_universal2.whl", hash = "sha256:0ae2141c81595b4b13b780d325b9ea0016c6647f8b3a6004278b00765a96664d", size = 16570732, upload-time = "2026-08-09T11:38:24.118Z" },
    { url = "https://files.pythonhosted.org/packages/a6/83/f4979079f5a8f729b0f488e987db1227086816c26e1b985d61fc9a60605f/pygame_ce-2.5.8-cp312-cp312-manylinux2014_aarch64.manylinux_2_17_aarch64.whl", hash = "sha256:e401643af9455cb69f8cb77050c325f290314da0051e9ab82c5ccaf8017c314a", size = 12048869, upload-time = "2026-08-09T11:38:26.733Z" },
    { url = "https://files.pythonhosted.org/packages/8b/38/9961f6543bfb4ecc4dbeee0fdb57edbd633945dc143df9c70ee476416cc4/pygame_ce-2.5.8-cp312-cp312-manylinux2014_i686.manylinux_2_17_i686.whl", hash = "sha256:6d4839f127b1b66f1dfe7e0dca3d2233b6f3a63077690081d1996e24087c6055", size = 12587614, upload-time = "2026-08-09T11:38:29.143Z" },
    { url = "https://files.pythonhosted.org/packages/1e/07/e139faa8911d48991e161e356e652be2a642303f3baf6a57c7ba4a1f0f49/pygame_ce-2.5.8-cp312-cp312-manylinux2014_x86_64.manylinux_2_17_x86_64.whl", hash = "sha256:bf9c8b4376077efec6ae31443172ae98545f278d0e4426852e81c28ab1f5d7c2", size = 12147342, upload-time = "2026-08-09T11:38:32.166Z" },
    { url = "https://files.pythonhosted.org/packages/e3/e6/238b48936733ed1908486df072137e7eef61fd26de4620d54e438b69d509/pygame_ce-2.5.8-cp312-cp312-win32.whl", hash = "sha256:91d2434d8cbdb7cd04c9b37e76a8154641da25f4e274265806407f495fe6e889", size = 9126160, upload-time = "2026-08-09T11:38:34.812Z" },
    { url = "https://files.pythonhosted.org/packages/81/13/2bba0ebe563047ae9de68dc05656dc0bfa9394c60970548b06d2f2e106c5/pygame_ce-2.5.8-cp312-cp312-win_amd64.whl", hash = "sha256:2cfe8afe1e7955780f0bd4f01d65f1b4903f561407052081cfcec31e80957c3c", size = 9668595, upload-time = "2026-08-09T11:38:37.279Z" },
    { url = "https://files.pythonhosted.org/packages/b1/2e/871161f0546d549fa458609029771d7a36c1e7758e164a3b2c2ed61b507b/pygame_ce-2.5.8-cp312-cp312-win_arm64.whl", hash = "sha256:6c48a3ad5f7102e076055a3c817c12e932ee5c9b831080db2ea9754236b0490d", size = 10213955, upload-time = "2026-08-09T11:38:39.559Z" },
]
